// !$*UTF8*$!
{
	archiveVersion = 1;
	classes = {
	};
	objectVersion = 50;
	objects = {

/* Begin PBXBuildFile section */
		666D6F5823EC26300048D38A /* AppDelegate.swift in Sources */ = {isa = PBXBuildFile; fileRef = 666D6F5723EC26300048D38A /* AppDelegate.swift */; };
		666D6F5A23EC26300048D38A /* SceneDelegate.swift in Sources */ = {isa = PBXBuildFile; fileRef = 666D6F5923EC26300048D38A /* SceneDelegate.swift */; };
		666D6F5C23EC26300048D38A /* ViewController.swift in Sources */ = {isa = PBXBuildFile; fileRef = 666D6F5B23EC26300048D38A /* ViewController.swift */; };
		666D6F5F23EC26300048D38A /* Main.storyboard in Resources */ = {isa = PBXBuildFile; fileRef = 666D6F5D23EC26300048D38A /* Main.storyboard */; };
		666D6F6123EC26350048D38A /* Assets.xcassets in Resources */ = {isa = PBXBuildFile; fileRef = 666D6F6023EC26350048D38A /* Assets.xcassets */; };
		666D6F6423EC26350048D38A /* LaunchScreen.storyboard in Resources */ = {isa = PBXBuildFile; fileRef = 666D6F6223EC26350048D38A /* LaunchScreen.storyboard */; };
		666D6F6F23EC26350048D38A /* TestAlgTests.swift in Sources */ = {isa = PBXBuildFile; fileRef = 666D6F6E23EC26350048D38A /* TestAlgTests.swift */; };
		666D6F7A23EC26350048D38A /* TestAlgUITests.swift in Sources */ = {isa = PBXBuildFile; fileRef = 666D6F7923EC26350048D38A /* TestAlgUITests.swift */; };
/* End PBXBuildFile section */

/* Begin PBXContainerItemProxy section */
		666D6F6B23EC26350048D38A /* PBXContainerItemProxy */ = {
			isa = PBXContainerItemProxy;
			containerPortal = 666D6F4C23EC26300048D38A /* Project object */;
			proxyType = 1;
			remoteGlobalIDString = 666D6F5323EC26300048D38A;
			remoteInfo = TestAlg;
		};
		666D6F7623EC26350048D38A /* PBXContainerItemProxy */ = {
			isa = PBXContainerItemProxy;
			containerPortal = 666D6F4C23EC26300048D38A /* Project object */;
			proxyType = 1;
			remoteGlobalIDString = 666D6F5323EC26300048D38A;
			remoteInfo = TestAlg;
		};
/* End PBXContainerItemProxy section */

/* Begin PBXFileReference section */
		666D6F5423EC26300048D38A /* TestAlg.app */ = {isa = PBXFileReference; explicitFileType = wrapper.application; includeInIndex = 0; path = TestAlg.app; sourceTree = BUILT_PRODUCTS_DIR; };
		666D6F5723EC26300048D38A /* AppDelegate.swift */ = {isa = PBXFileReference; lastKnownFileType = sourcecode.swift; path = AppDelegate.swift; sourceTree = "<group>"; };
		666D6F5923EC26300048D38A /* SceneDelegate.swift */ = {isa = PBXFileReference; lastKnownFileType = sourcecode.swift; path = SceneDelegate.swift; sourceTree = "<group>"; };
		666D6F5B23EC26300048D38A /* ViewController.swift */ = {isa = PBXFileReference; lastKnownFileType = sourcecode.swift; path = ViewController.swift; sourceTree = "<group>"; };
		666D6F5E23EC26300048D38A /* Base */ = {isa = PBXFileReference; lastKnownFileType = file.storyboard; name = Base; path = Base.lproj/Main.storyboard; sourceTree = "<group>"; };
		666D6F6023EC26350048D38A /* Assets.xcassets */ = {isa = PBXFileReference; lastKnownFileType = folder.assetcatalog; path = Assets.xcassets; sourceTree = "<group>"; };
		666D6F6323EC26350048D38A /* Base */ = {isa = PBXFileReference; lastKnownFileType = file.storyboard; name = Base; path = Base.lproj/LaunchScreen.storyboard; sourceTree = "<group>"; };
		666D6F6523EC26350048D38A /* Info.plist */ = {isa = PBXFileReference; lastKnownFileType = text.plist.xml; path = Info.plist; sourceTree = "<group>"; };
		666D6F6A23EC26350048D38A /* TestAlgTests.xctest */ = {isa = PBXFileReference; explicitFileType = wrapper.cfbundle; includeInIndex = 0; path = TestAlgTests.xctest; sourceTree = BUILT_PRODUCTS_DIR; };
		666D6F6E23EC26350048D38A /* TestAlgTests.swift */ = {isa = PBXFileReference; lastKnownFileType = sourcecode.swift; path = TestAlgTests.swift; sourceTree = "<group>"; };
		666D6F7023EC26350048D38A /* Info.plist */ = {isa = PBXFileReference; lastKnownFileType = text.plist.xml; path = Info.plist; sourceTree = "<group>"; };
		666D6F7523EC26350048D38A /* TestAlgUITests.xctest */ = {isa = PBXFileReference; explicitFileType = wrapper.cfbundle; includeInIndex = 0; path = TestAlgUITests.xctest; sourceTree = BUILT_PRODUCTS_DIR; };
		666D6F7923EC26350048D38A /* TestAlgUITests.swift */ = {isa = PBXFileReference; lastKnownFileType = sourcecode.swift; path = TestAlgUITests.swift; sourceTree = "<group>"; };
		666D6F7B23EC26350048D38A /* Info.plist */ = {isa = PBXFileReference; lastKnownFileType = text.plist.xml; path = Info.plist; sourceTree = "<group>"; };
/* End PBXFileReference section */

/* Begin PBXFrameworksBuildPhase section */
		666D6F5123EC26300048D38A /* Frameworks */ = {
			isa = PBXFrameworksBuildPhase;
			buildActionMask = 2147483647;
			files = (
			);
			runOnlyForDeploymentPostprocessing = 0;
		};
		666D6F6723EC26350048D38A /* Frameworks */ = {
			isa = PBXFrameworksBuildPhase;
			buildActionMask = 2147483647;
			files = (
			);
			runOnlyForDeploymentPostprocessing = 0;
		};
		666D6F7223EC26350048D38A /* Frameworks */ = {
			isa = PBXFrameworksBuildPhase;
			buildActionMask = 2147483647;
			files = (
			);
			runOnlyForDeploymentPostprocessing = 0;
		};
/* End PBXFrameworksBuildPhase section */

/* Begin PBXGroup section */
		666D6F4B23EC26300048D38A = {
			isa = PBXGroup;
			children = (
				666D6F5623EC26300048D38A /* TestAlg */,
				666D6F6D23EC26350048D38A /* TestAlgTests */,
				666D6F7823EC26350048D38A /* TestAlgUITests */,
				666D6F5523EC26300048D38A /* Products */,
			);
			sourceTree = "<group>";
		};
		666D6F5523EC26300048D38A /* Products */ = {
			isa = PBXGroup;
			children = (
				666D6F5423EC26300048D38A /* TestAlg.app */,
				666D6F6A23EC26350048D38A /* TestAlgTests.xctest */,
				666D6F7523EC26350048D38A /* TestAlgUITests.xctest */,
			);
			name = Products;
			sourceTree = "<group>";
		};
		666D6F5623EC26300048D38A /* TestAlg */ = {
			isa = PBXGroup;
			children = (
				666D6F5723EC26300048D38A /* AppDelegate.swift */,
				666D6F5923EC26300048D38A /* SceneDelegate.swift */,
				666D6F5B23EC26300048D38A /* ViewController.swift */,
				666D6F5D23EC26300048D38A /* Main.storyboard */,
				666D6F6023EC26350048D38A /* Assets.xcassets */,
				666D6F6223EC26350048D38A /* LaunchScreen.storyboard */,
				666D6F6523EC26350048D38A /* Info.plist */,
			);
			path = TestAlg;
			sourceTree = "<group>";
		};
		666D6F6D23EC26350048D38A /* TestAlgTests */ = {
			isa = PBXGroup;
			children = (
				666D6F6E23EC26350048D38A /* TestAlgTests.swift */,
				666D6F7023EC26350048D38A /* Info.plist */,
			);
			path = TestAlgTests;
			sourceTree = "<group>";
		};
		666D6F7823EC26350048D38A /* TestAlgUITests */ = {
			isa = PBXGroup;
			children = (
				666D6F7923EC26350048D38A /* TestAlgUITests.swift */,
				666D6F7B23EC26350048D38A /* Info.plist */,
			);
			path = TestAlgUITests;
			sourceTree = "<group>";
		};
/* End PBXGroup section */

/* Begin PBXNativeTarget section */
		666D6F5323EC26300048D38A /* TestAlg */ = {
			isa = PBXNativeTarget;
			buildConfigurationList = 666D6F7E23EC26350048D38A /* Build configuration list for PBXNativeTarget "TestAlg" */;
			buildPhases = (
				666D6F5023EC26300048D38A /* Sources */,
				666D6F5123EC26300048D38A /* Frameworks */,
				666D6F5223EC26300048D38A /* Resources */,
			);
			buildRules = (
			);
			dependencies = (
			);
			name = TestAlg;
			productName = TestAlg;
			productReference = 666D6F5423EC26300048D38A /* TestAlg.app */;
			productType = "com.apple.product-type.application";
		};
		666D6F6923EC26350048D38A /* TestAlgTests */ = {
			isa = PBXNativeTarget;
			buildConfigurationList = 666D6F8123EC26350048D38A /* Build configuration list for PBXNativeTarget "TestAlgTests" */;
			buildPhases = (
				666D6F6623EC26350048D38A /* Sources */,
				666D6F6723EC26350048D38A /* Frameworks */,
				666D6F6823EC26350048D38A /* Resources */,
			);
			buildRules = (
			);
			dependencies = (
				666D6F6C23EC26350048D38A /* PBXTargetDependency */,
			);
			name = TestAlgTests;
			productName = TestAlgTests;
			productReference = 666D6F6A23EC26350048D38A /* TestAlgTests.xctest */;
			productType = "com.apple.product-type.bundle.unit-test";
		};
		666D6F7423EC26350048D38A /* TestAlgUITests */ = {
			isa = PBXNativeTarget;
			buildConfigurationList = 666D6F8423EC26350048D38A /* Build configuration list for PBXNativeTarget "TestAlgUITests" */;
			buildPhases = (
				666D6F7123EC26350048D38A /* Sources */,
				666D6F7223EC26350048D38A /* Frameworks */,
				666D6F7323EC26350048D38A /* Resources */,
			);
			buildRules = (
			);
			dependencies = (
				666D6F7723EC26350048D38A /* PBXTargetDependency */,
			);
			name = TestAlgUITests;
			productName = TestAlgUITests;
			productReference = 666D6F7523EC26350048D38A /* TestAlgUITests.xctest */;
			productType = "com.apple.product-type.bundle.ui-testing";
		};
/* End PBXNativeTarget section */

/* Begin PBXProject section */
		666D6F4C23EC26300048D38A /* Project object */ = {
			isa = PBXProject;
			attributes = {
				LastSwiftUpdateCheck = 1120;
				LastUpgradeCheck = 1120;
				ORGANIZATIONNAME = "Viet Tuan Dinh";
				TargetAttributes = {
					666D6F5323EC26300048D38A = {
						CreatedOnToolsVersion = 11.2;
					};
					666D6F6923EC26350048D38A = {
						CreatedOnToolsVersion = 11.2;
						TestTargetID = 666D6F5323EC26300048D38A;
					};
					666D6F7423EC26350048D38A = {
						CreatedOnToolsVersion = 11.2;
						TestTargetID = 666D6F5323EC26300048D38A;
					};
				};
			};
			buildConfigurationList = 666D6F4F23EC26300048D38A /* Build configuration list for PBXProject "TestAlg" */;
			compatibilityVersion = "Xcode 9.3";
			developmentRegion = en;
			hasScannedForEncodings = 0;
			knownRegions = (
				en,
				Base,
			);
			mainGroup = 666D6F4B23EC26300048D38A;
			productRefGroup = 666D6F5523EC26300048D38A /* Products */;
			projectDirPath = "";
			projectRoot = "";
			targets = (
				666D6F5323EC26300048D38A /* TestAlg */,
				666D6F6923EC26350048D38A /* TestAlgTests */,
				666D6F7423EC26350048D38A /* TestAlgUITests */,
			);
		};
/* End PBXProject section */

/* Begin PBXResourcesBuildPhase section */
		666D6F5223EC26300048D38A /* Resources */ = {
			isa = PBXResourcesBuildPhase;
			buildActionMask = 2147483647;
			files = (
				666D6F6423EC26350048D38A /* LaunchScreen.storyboard in Resources */,
				666D6F6123EC26350048D38A /* Assets.xcassets in Resources */,
				666D6F5F23EC26300048D38A /* Main.storyboard in Resources */,
			);
			runOnlyForDeploymentPostprocessing = 0;
		};
		666D6F6823EC26350048D38A /* Resources */ = {
			isa = PBXResourcesBuildPhase;
			buildActionMask = 2147483647;
			files = (
			);
			runOnlyForDeploymentPostprocessing = 0;
		};
		666D6F7323EC26350048D38A /* Resources */ = {
			isa = PBXResourcesBuildPhase;
			buildActionMask = 2147483647;
			files = (
			);
			runOnlyForDeploymentPostprocessing = 0;
		};
/* End PBXResourcesBuildPhase section */

/* Begin PBXSourcesBuildPhase section */
		666D6F5023EC26300048D38A /* Sources */ = {
			isa = PBXSourcesBuildPhase;
			buildActionMask = 2147483647;
			files = (
				666D6F5C23EC26300048D38A /* ViewController.swift in Sources */,
				666D6F5823EC26300048D38A /* AppDelegate.swift in Sources */,
				666D6F5A23EC26300048D38A /* SceneDelegate.swift in Sources */,
			);
			runOnlyForDeploymentPostprocessing = 0;
		};
		666D6F6623EC26350048D38A /* Sources */ = {
			isa = PBXSourcesBuildPhase;
			buildActionMask = 2147483647;
			files = (
				666D6F6F23EC26350048D38A /* TestAlgTests.swift in Sources */,
			);
			runOnlyForDeploymentPostprocessing = 0;
		};
		666D6F7123EC26350048D38A /* Sources */ = {
			isa = PBXSourcesBuildPhase;
			buildActionMask = 2147483647;
			files = (
				666D6F7A23EC26350048D38A /* TestAlgUITests.swift in Sources */,
			);
			runOnlyForDeploymentPostprocessing = 0;
		};
/* End PBXSourcesBuildPhase section */

/* Begin PBXTargetDependency section */
		666D6F6C23EC26350048D38A /* PBXTargetDependency */ = {
			isa = PBXTargetDependency;
			target = 666D6F5323EC26300048D38A /* TestAlg */;
			targetProxy = 666D6F6B23EC26350048D38A /* PBXContainerItemProxy */;
		};
		666D6F7723EC26350048D38A /* PBXTargetDependency */ = {
			isa = PBXTargetDependency;
			target = 666D6F5323EC26300048D38A /* TestAlg */;
			targetProxy = 666D6F7623EC26350048D38A /* PBXContainerItemProxy */;
		};
/* End PBXTargetDependency section */

/* Begin PBXVariantGroup section */
		666D6F5D23EC26300048D38A /* Main.storyboard */ = {
			isa = PBXVariantGroup;
			children = (
				666D6F5E23EC26300048D38A /* Base */,
			);
			name = Main.storyboard;
			sourceTree = "<group>";
		};
		666D6F6223EC26350048D38A /* LaunchScreen.storyboard */ = {
			isa = PBXVariantGroup;
			children = (
				666D6F6323EC26350048D38A /* Base */,
			);
			name = LaunchScreen.storyboard;
			sourceTree = "<group>";
		};
/* End PBXVariantGroup section */

/* Begin XCBuildConfiguration section */
		666D6F7C23EC26350048D38A /* Debug */ = {
			isa = XCBuildConfiguration;
			buildSettings = {
				ALWAYS_SEARCH_USER_PATHS = NO;
				CLANG_ANALYZER_NONNULL = YES;
				CLANG_ANALYZER_NUMBER_OBJECT_CONVERSION = YES_AGGRESSIVE;
				CLANG_CXX_LANGUAGE_STANDARD = "gnu++14";
				CLANG_CXX_LIBRARY = "libc++";
				CLANG_ENABLE_MODULES = YES;
				CLANG_ENABLE_OBJC_ARC = YES;
				CLANG_ENABLE_OBJC_WEAK = YES;
				CLANG_WARN_BLOCK_CAPTURE_AUTORELEASING = YES;
				CLANG_WARN_BOOL_CONVERSION = YES;
				CLANG_WARN_COMMA = YES;
				CLANG_WARN_CONSTANT_CONVERSION = YES;
				CLANG_WARN_DEPRECATED_OBJC_IMPLEMENTATIONS = YES;
				CLANG_WARN_DIRECT_OBJC_ISA_USAGE = YES_ERROR;
				CLANG_WARN_DOCUMENTATION_COMMENTS = YES;
				CLANG_WARN_EMPTY_BODY = YES;
				CLANG_WARN_ENUM_CONVERSION = YES;
				CLANG_WARN_INFINITE_RECURSION = YES;
				CLANG_WARN_INT_CONVERSION = YES;
				CLANG_WARN_NON_LITERAL_NULL_CONVERSION = YES;
				CLANG_WARN_OBJC_IMPLICIT_RETAIN_SELF = YES;
				CLANG_WARN_OBJC_LITERAL_CONVERSION = YES;
				CLANG_WARN_OBJC_ROOT_CLASS = YES_ERROR;
				CLANG_WARN_RANGE_LOOP_ANALYSIS = YES;
				CLANG_WARN_STRICT_PROTOTYPES = YES;
				CLANG_WARN_SUSPICIOUS_MOVE = YES;
				CLANG_WARN_UNGUARDED_AVAILABILITY = YES_AGGRESSIVE;
				CLANG_WARN_UNREACHABLE_CODE = YES;
				CLANG_WARN__DUPLICATE_METHOD_MATCH = YES;
				COPY_PHASE_STRIP = NO;
				DEBUG_INFORMATION_FORMAT = dwarf;
				ENABLE_STRICT_OBJC_MSGSEND = YES;
				ENABLE_TESTABILITY = YES;
				GCC_C_LANGUAGE_STANDARD = gnu11;
				GCC_DYNAMIC_NO_PIC = NO;
				GCC_NO_COMMON_BLOCKS = YES;
				GCC_OPTIMIZATION_LEVEL = 0;
				GCC_PREPROCESSOR_DEFINITIONS = (
					"DEBUG=1",
					"$(inherited)",
				);
				GCC_WARN_64_TO_32_BIT_CONVERSION = YES;
				GCC_WARN_ABOUT_RETURN_TYPE = YES_ERROR;
				GCC_WARN_UNDECLARED_SELECTOR = YES;
				GCC_WARN_UNINITIALIZED_AUTOS = YES_AGGRESSIVE;
				GCC_WARN_UNUSED_FUNCTION = YES;
				GCC_WARN_UNUSED_VARIABLE = YES;
				IPHONEOS_DEPLOYMENT_TARGET = 13.2;
				MTL_ENABLE_DEBUG_INFO = INCLUDE_SOURCE;
				MTL_FAST_MATH = YES;
				ONLY_ACTIVE_ARCH = YES;
				SDKROOT = iphoneos;
				SWIFT_ACTIVE_COMPILATION_CONDITIONS = DEBUG;
				SWIFT_OPTIMIZATION_LEVEL = "-Onone";
			};
			name = Debug;
		};
		666D6F7D23EC26350048D38A /* Release */ = {
			isa = XCBuildConfiguration;
			buildSettings = {
				ALWAYS_SEARCH_USER_PATHS = NO;
				CLANG_ANALYZER_NONNULL = YES;
				CLANG_ANALYZER_NUMBER_OBJECT_CONVERSION = YES_AGGRESSIVE;
				CLANG_CXX_LANGUAGE_STANDARD = "gnu++14";
				CLANG_CXX_LIBRARY = "libc++";
				CLANG_ENABLE_MODULES = YES;
				CLANG_ENABLE_OBJC_ARC = YES;
				CLANG_ENABLE_OBJC_WEAK = YES;
				CLANG_WARN_BLOCK_CAPTURE_AUTORELEASING = YES;
				CLANG_WARN_BOOL_CONVERSION = YES;
				CLANG_WARN_COMMA = YES;
				CLANG_WARN_CONSTANT_CONVERSION = YES;
				CLANG_WARN_DEPRECATED_OBJC_IMPLEMENTATIONS = YES;
				CLANG_WARN_DIRECT_OBJC_ISA_USAGE = YES_ERROR;
				CLANG_WARN_DOCUMENTATION_COMMENTS = YES;
				CLANG_WARN_EMPTY_BODY = YES;
				CLANG_WARN_ENUM_CONVERSION = YES;
				CLANG_WARN_INFINITE_RECURSION = YES;
				CLANG_WARN_INT_CONVERSION = YES;
				CLANG_WARN_NON_LITERAL_NULL_CONVERSION = YES;
				CLANG_WARN_OBJC_IMPLICIT_RETAIN_SELF = YES;
				CLANG_WARN_OBJC_LITERAL_CONVERSION = YES;
				CLANG_WARN_OBJC_ROOT_CLASS = YES_ERROR;
				CLANG_WARN_RANGE_LOOP_ANALYSIS = YES;
				CLANG_WARN_STRICT_PROTOTYPES = YES;
				CLANG_WARN_SUSPICIOUS_MOVE = YES;
				CLANG_WARN_UNGUARDED_AVAILABILITY = YES_AGGRESSIVE;
				CLANG_WARN_UNREACHABLE_CODE = YES;
				CLANG_WARN__DUPLICATE_METHOD_MATCH = YES;
				COPY_PHASE_STRIP = NO;
				DEBUG_INFORMATION_FORMAT = "dwarf-with-dsym";
				ENABLE_NS_ASSERTIONS = NO;
				ENABLE_STRICT_OBJC_MSGSEND = YES;
				GCC_C_LANGUAGE_STANDARD = gnu11;
				GCC_NO_COMMON_BLOCKS = YES;
				GCC_WARN_64_TO_32_BIT_CONVERSION = YES;
				GCC_WARN_ABOUT_RETURN_TYPE = YES_ERROR;
				GCC_WARN_UNDECLARED_SELECTOR = YES;
				GCC_WARN_UNINITIALIZED_AUTOS = YES_AGGRESSIVE;
				GCC_WARN_UNUSED_FUNCTION = YES;
				GCC_WARN_UNUSED_VARIABLE = YES;
				IPHONEOS_DEPLOYMENT_TARGET = 13.2;
				MTL_ENABLE_DEBUG_INFO = NO;
				MTL_FAST_MATH = YES;
				SDKROOT = iphoneos;
				SWIFT_COMPILATION_MODE = wholemodule;
				SWIFT_OPTIMIZATION_LEVEL = "-O";
				VALIDATE_PRODUCT = YES;
			};
			name = Release;
		};
		666D6F7F23EC26350048D38A /* Debug */ = {
			isa = XCBuildConfiguration;
			buildSettings = {
				ASSETCATALOG_COMPILER_APPICON_NAME = AppIcon;
				CODE_SIGN_IDENTITY = "iPhone Developer";
				CODE_SIGN_STYLE = Manual;
				DEVELOPMENT_TEAM = P82S49663G;
				INFOPLIST_FILE = TestAlg/Info.plist;
				LD_RUNPATH_SEARCH_PATHS = (
					"$(inherited)",
					"@executable_path/Frameworks",
				);
				PRODUCT_BUNDLE_IDENTIFIER = "abc.TestAlg-1";
				PRODUCT_NAME = "$(TARGET_NAME)";
				PROVISIONING_PROFILE_SPECIFIER = "GZR Enterprise Wildcard Dev Profile";
				SWIFT_VERSION = 5.0;
				TARGETED_DEVICE_FAMILY = "1,2";
			};
			name = Debug;
		};
		666D6F8023EC26350048D38A /* Release */ = {
			isa = XCBuildConfiguration;
			buildSettings = {
				ASSETCATALOG_COMPILER_APPICON_NAME = AppIcon;
				CODE_SIGN_IDENTITY = "iPhone Developer";
				CODE_SIGN_STYLE = Manual;
				DEVELOPMENT_TEAM = P82S49663G;
				INFOPLIST_FILE = TestAlg/Info.plist;
				LD_RUNPATH_SEARCH_PATHS = (
					"$(inherited)",
					"@executable_path/Frameworks",
				);
				PRODUCT_BUNDLE_IDENTIFIER = "abc.TestAlg-1";
				PRODUCT_NAME = "$(TARGET_NAME)";
				PROVISIONING_PROFILE_SPECIFIER = "GZR Enterprise Wildcard Dev Profile";
				SWIFT_VERSION = 5.0;
				TARGETED_DEVICE_FAMILY = "1,2";
			};
			name = Release;
		};
		666D6F8223EC26350048D38A /* Debug */ = {
			isa = XCBuildConfiguration;
			buildSettings = {
				ALWAYS_EMBED_SWIFT_STANDARD_LIBRARIES = YES;
				BUNDLE_LOADER = "$(TEST_HOST)";
				CODE_SIGN_STYLE = Automatic;
				INFOPLIST_FILE = TestAlgTests/Info.plist;
				IPHONEOS_DEPLOYMENT_TARGET = 13.2;
				LD_RUNPATH_SEARCH_PATHS = (
					"$(inherited)",
					"@executable_path/Frameworks",
					"@loader_path/Frameworks",
				);
				PRODUCT_BUNDLE_IDENTIFIER = abc.TestAlgTests;
				PRODUCT_NAME = "$(TARGET_NAME)";
				SWIFT_VERSION = 5.0;
				TARGETED_DEVICE_FAMILY = "1,2";
				TEST_HOST = "$(BUILT_PRODUCTS_DIR)/TestAlg.app/TestAlg";
			};
			name = Debug;
		};
		666D6F8323EC26350048D38A /* Release */ = {
			isa = XCBuildConfiguration;
			buildSettings = {
				ALWAYS_EMBED_SWIFT_STANDARD_LIBRARIES = YES;
				BUNDLE_LOADER = "$(TEST_HOST)";
				CODE_SIGN_STYLE = Automatic;
				INFOPLIST_FILE = TestAlgTests/Info.plist;
				IPHONEOS_DEPLOYMENT_TARGET = 13.2;
				LD_RUNPATH_SEARCH_PATHS = (
					"$(inherited)",
					"@executable_path/Frameworks",
					"@loader_path/Frameworks",
				);
				PRODUCT_BUNDLE_IDENTIFIER = abc.TestAlgTests;
				PRODUCT_NAME = "$(TARGET_NAME)";
				SWIFT_VERSION = 5.0;
				TARGETED_DEVICE_FAMILY = "1,2";
				TEST_HOST = "$(BUILT_PRODUCTS_DIR)/TestAlg.app/TestAlg";
			};
			name = Release;
		};
		666D6F8523EC26350048D38A /* Debug */ = {
			isa = XCBuildConfiguration;
			buildSettings = {
				ALWAYS_EMBED_SWIFT_STANDARD_LIBRARIES = YES;
				CODE_SIGN_STYLE = Automatic;
				INFOPLIST_FILE = TestAlgUITests/Info.plist;
				LD_RUNPATH_SEARCH_PATHS = (
					"$(inherited)",
					"@executable_path/Frameworks",
					"@loader_path/Frameworks",
				);
				PRODUCT_BUNDLE_IDENTIFIER = abc.TestAlgUITests;
				PRODUCT_NAME = "$(TARGET_NAME)";
				SWIFT_VERSION = 5.0;
				TARGETED_DEVICE_FAMILY = "1,2";
				TEST_TARGET_NAME = TestAlg;
			};
			name = Debug;
		};
		666D6F8623EC26350048D38A /* Release */ = {
			isa = XCBuildConfiguration;
			buildSettings = {
				ALWAYS_EMBED_SWIFT_STANDARD_LIBRARIES = YES;
				CODE_SIGN_STYLE = Automatic;
				INFOPLIST_FILE = TestAlgUITests/Info.plist;
				LD_RUNPATH_SEARCH_PATHS = (
					"$(inherited)",
					"@executable_path/Frameworks",
					"@loader_path/Frameworks",
				);
				PRODUCT_BUNDLE_IDENTIFIER = abc.TestAlgUITests;
				PRODUCT_NAME = "$(TARGET_NAME)";
				SWIFT_VERSION = 5.0;
				TARGETED_DEVICE_FAMILY = "1,2";
				TEST_TARGET_NAME = TestAlg;
			};
			name = Release;
		};
/* End XCBuildConfiguration section */

/* Begin XCConfigurationList section */
		666D6F4F23EC26300048D38A /* Build configuration list for PBXProject "TestAlg" */ = {
			isa = XCConfigurationList;
			buildConfigurations = (
				666D6F7C23EC26350048D38A /* Debug */,
				666D6F7D23EC26350048D38A /* Release */,
			);
			defaultConfigurationIsVisible = 0;
			defaultConfigurationName = Release;
		};
		666D6F7E23EC26350048D38A /* Build configuration list for PBXNativeTarget "TestAlg" */ = {
			isa = XCConfigurationList;
			buildConfigurations = (
				666D6F7F23EC26350048D38A /* Debug */,
				666D6F8023EC26350048D38A /* Release */,
			);
			defaultConfigurationIsVisible = 0;
			defaultConfigurationName = Release;
		};
		666D6F8123EC26350048D38A /* Build configuration list for PBXNativeTarget "TestAlgTests" */ = {
			isa = XCConfigurationList;
			buildConfigurations = (
				666D6F8223EC26350048D38A /* Debug */,
				666D6F8323EC26350048D38A /* Release */,
			);
			defaultConfigurationIsVisible = 0;
			defaultConfigurationName = Release;
		};
		666D6F8423EC26350048D38A /* Build configuration list for PBXNativeTarget "TestAlgUITests" */ = {
			isa = XCConfigurationList;
			buildConfigurations = (
				666D6F8523EC26350048D38A /* Debug */,
				666D6F8623EC26350048D38A /* Release */,
			);
			defaultConfigurationIsVisible = 0;
			defaultConfigurationName = Release;
		};
/* End XCConfigurationList section */
	};
	rootObject = 666D6F4C23EC26300048D38A /* Project object */;
}
